// !$*UTF8*$!
{
	archiveVersion = 1;
	classes = {
	};
	objectVersion = 56;
	objects = {

/* Begin PBXBuildFile section */
		B93FF5E32AC1740E001B577B /* AppDelegate.m in Sources */ = {isa = PBXBuildFile; fileRef = B93FF5E22AC1740E001B577B /* AppDelegate.m */; };
		B93FF5E62AC1740E001B577B /* SceneDelegate.m in Sources */ = {isa = PBXBuildFile; fileRef = B93FF5E52AC1740E001B577B /* SceneDelegate.m */; };
		B93FF5E92AC1740E001B577B /* ViewController.m in Sources */ = {isa = PBXBuildFile; fileRef = B93FF5E82AC1740E001B577B /* ViewController.m */; };
		B93FF5EC2AC1740E001B577B /* Main.storyboard in Resources */ = {isa = PBXBuildFile; fileRef = B93FF5EA2AC1740E001B577B /* Main.storyboard */; };
		B93FF5EE2AC17410001B577B /* Assets.xcassets in Resources */ = {isa = PBXBuildFile; fileRef = B93FF5ED2AC17410001B577B /* Assets.xcassets */; };
		B93FF5F12AC17410001B577B /* LaunchScreen.storyboard in Resources */ = {isa = PBXBuildFile; fileRef = B93FF5EF2AC17410001B577B /* LaunchScreen.storyboard */; };
		B93FF5F42AC17410001B577B /* main.m in Sources */ = {isa = PBXBuildFile; fileRef = B93FF5F32AC17410001B577B /* main.m */; };
		B93FF6022AC1BD28001B577B /* Robot.m in Sources */ = {isa = PBXBuildFile; fileRef = B93FF6012AC1BD28001B577B /* Robot.m */; };
/* End PBXBuildFile section */

/* Begin PBXFileReference section */
		B93FF5DE2AC1740E001B577B /* Objective-C-final.app */ = {isa = PBXFileReference; explicitFileType = wrapper.application; includeInIndex = 0; path = "Objective-C-final.app"; sourceTree = BUILT_PRODUCTS_DIR; };
		B93FF5E12AC1740E001B577B /* AppDelegate.h */ = {isa = PBXFileReference; lastKnownFileType = sourcecode.c.h; path = AppDelegate.h; sourceTree = "<group>"; };
		B93FF5E22AC1740E001B577B /* AppDelegate.m */ = {isa = PBXFileReference; lastKnownFileType = sourcecode.c.objc; path = AppDelegate.m; sourceTree = "<group>"; };
		B93FF5E42AC1740E001B577B /* SceneDelegate.h */ = {isa = PBXFileReference; lastKnownFileType = sourcecode.c.h; path = SceneDelegate.h; sourceTree = "<group>"; };
		B93FF5E52AC1740E001B577B /* SceneDelegate.m */ = {isa = PBXFileReference; lastKnownFileType = sourcecode.c.objc; path = SceneDelegate.m; sourceTree = "<group>"; };
		B93FF5E72AC1740E001B577B /* ViewController.h */ = {isa = PBXFileReference; lastKnownFileType = sourcecode.c.h; path = ViewController.h; sourceTree = "<group>"; };
		B93FF5E82AC1740E001B577B /* ViewController.m */ = {isa = PBXFileReference; lastKnownFileType = sourcecode.c.objc; path = ViewController.m; sourceTree = "<group>"; };
		B93FF5EB2AC1740E001B577B /* Base */ = {isa = PBXFileReference; lastKnownFileType = file.storyboard; name = Base; path = Base.lproj/Main.storyboard; sourceTree = "<group>"; };
		B93FF5ED2AC17410001B577B /* Assets.xcassets */ = {isa = PBXFileReference; lastKnownFileType = folder.assetcatalog; path = Assets.xcassets; sourceTree = "<group>"; };
		B93FF5F02AC17410001B577B /* Base */ = {isa = PBXFileReference; lastKnownFileType = file.storyboard; name = Base; path = Base.lproj/LaunchScreen.storyboard; sourceTree = "<group>"; };
		B93FF5F22AC17410001B577B /* Info.plist */ = {isa = PBXFileReference; lastKnownFileType = text.plist.xml; path = Info.plist; sourceTree = "<group>"; };
		B93FF5F32AC17410001B577B /* main.m */ = {isa = PBXFileReference; lastKnownFileType = sourcecode.c.objc; path = main.m; sourceTree = "<group>"; };
		B93FF6002AC1BD28001B577B /* Robot.h */ = {isa = PBXFileReference; lastKnownFileType = sourcecode.c.h; path = Robot.h; sourceTree = "<group>"; };
		B93FF6012AC1BD28001B577B /* Robot.m */ = {isa = PBXFileReference; lastKnownFileType = sourcecode.c.objc; path = Robot.m; sourceTree = "<group>"; };
/* End PBXFileReference section */

/* Begin PBXFrameworksBuildPhase section */
		B93FF5DB2AC1740E001B577B /* Frameworks */ = {
			isa = PBXFrameworksBuildPhase;
			buildActionMask = 2147483647;
			files = (
			);
			runOnlyForDeploymentPostprocessing = 0;
		};
/* End PBXFrameworksBuildPhase section */

/* Begin PBXGroup section */
		B93FF5D52AC1740E001B577B = {
			isa = PBXGroup;
			children = (
				B93FF5E02AC1740E001B577B /* Objective-C-final */,
				B93FF5DF2AC1740E001B577B /* Products */,
			);
			sourceTree = "<group>";
		};
		B93FF5DF2AC1740E001B577B /* Products */ = {
			isa = PBXGroup;
			children = (
				B93FF5DE2AC1740E001B577B /* Objective-C-final.app */,
			);
			name = Products;
			sourceTree = "<group>";
		};
		B93FF5E02AC1740E001B577B /* Objective-C-final */ = {
			isa = PBXGroup;
			children = (
				B93FF5E12AC1740E001B577B /* AppDelegate.h */,
				B93FF5E22AC1740E001B577B /* AppDelegate.m */,
				B93FF5E42AC1740E001B577B /* SceneDelegate.h */,
				B93FF5E52AC1740E001B577B /* SceneDelegate.m */,
				B93FF5E72AC1740E001B577B /* ViewController.h */,
				B93FF5E82AC1740E001B577B /* ViewController.m */,
				B93FF5EA2AC1740E001B577B /* Main.storyboard */,
				B93FF5ED2AC17410001B577B /* Assets.xcassets */,
				B93FF5EF2AC17410001B577B /* LaunchScreen.storyboard */,
				B93FF5F22AC17410001B577B /* Info.plist */,
				B93FF5F32AC17410001B577B /* main.m */,
				B93FF6002AC1BD28001B577B /* Robot.h */,
				B93FF6012AC1BD28001B577B /* Robot.m */,
			);
			path = "Objective-C-final";
			sourceTree = "<group>";
		};
/* End PBXGroup section */

/* Begin PBXNativeTarget section */
		B93FF5DD2AC1740E001B577B /* Objective-C-final */ = {
			isa = PBXNativeTarget;
			buildConfigurationList = B93FF5F72AC17410001B577B /* Build configuration list for PBXNativeTarget "Objective-C-final" */;
			buildPhases = (
				B93FF5DA2AC1740E001B577B /* Sources */,
				B93FF5DB2AC1740E001B577B /* Frameworks */,
				B93FF5DC2AC1740E001B577B /* Resources */,
			);
			buildRules = (
			);
			dependencies = (
			);
			name = "Objective-C-final";
			productName = "Objective-C-final";
			productReference = B93FF5DE2AC1740E001B577B /* Objective-C-final.app */;
			productType = "com.apple.product-type.application";
		};
/* End PBXNativeTarget section */

/* Begin PBXProject section */
		B93FF5D62AC1740E001B577B /* Project object */ = {
			isa = PBXProject;
			attributes = {
				BuildIndependentTargetsInParallel = 1;
				LastUpgradeCheck = 1420;
				TargetAttributes = {
					B93FF5DD2AC1740E001B577B = {
						CreatedOnToolsVersion = 14.2;
					};
				};
			};
			buildConfigurationList = B93FF5D92AC1740E001B577B /* Build configuration list for PBXProject "Objective-C-final" */;
			compatibilityVersion = "Xcode 14.0";
			developmentRegion = en;
			hasScannedForEncodings = 0;
			knownRegions = (
				en,
				Base,
			);
			mainGroup = B93FF5D52AC1740E001B577B;
			productRefGroup = B93FF5DF2AC1740E001B577B /* Products */;
			projectDirPath = "";
			projectRoot = "";
			targets = (
				B93FF5DD2AC1740E001B577B /* Objective-C-final */,
			);
		};
/* End PBXProject section */

/* Begin PBXResourcesBuildPhase section */
		B93FF5DC2AC1740E001B577B /* Resources */ = {
			isa = PBXResourcesBuildPhase;
			buildActionMask = 2147483647;
			files = (
				B93FF5F12AC17410001B577B /* LaunchScreen.storyboard in Resources */,
				B93FF5EE2AC17410001B577B /* Assets.xcassets in Resources */,
				B93FF5EC2AC1740E001B577B /* Main.storyboard in Resources */,
			);
			runOnlyForDeploymentPostprocessing = 0;
		};
/* End PBXResourcesBuildPhase section */

/* Begin PBXSourcesBuildPhase section */
		B93FF5DA2AC1740E001B577B /* Sources */ = {
			isa = PBXSourcesBuildPhase;
			buildActionMask = 2147483647;
			files = (
				B93FF5E92AC1740E001B577B /* ViewController.m in Sources */,
				B93FF5E32AC1740E001B577B /* AppDelegate.m in Sources */,
				B93FF5F42AC17410001B577B /* main.m in Sources */,
				B93FF5E62AC1740E001B577B /* SceneDelegate.m in Sources */,
				B93FF6022AC1BD28001B577B /* Robot.m in Sources */,
			);
			runOnlyForDeploymentPostprocessing = 0;
		};
/* End PBXSourcesBuildPhase section */

/* Begin PBXVariantGroup section */
		B93FF5EA2AC1740E001B577B /* Main.storyboard */ = {
			isa = PBXVariantGroup;
			children = (
				B93FF5EB2AC1740E001B577B /* Base */,
			);
			name = Main.storyboard;
			sourceTree = "<group>";
		};
		B93FF5EF2AC17410001B577B /* LaunchScreen.storyboard */ = {
			isa = PBXVariantGroup;
			children = (
				B93FF5F02AC17410001B577B /* Base */,
			);
			name = LaunchScreen.storyboard;
			sourceTree = "<group>";
		};
/* End PBXVariantGroup section */

/* Begin XCBuildConfiguration section */
		B93FF5F52AC17410001B577B /* Debug */ = {
			isa = XCBuildConfiguration;
			buildSettings = {
				ALWAYS_SEARCH_USER_PATHS = NO;
				CLANG_ANALYZER_NONNULL = YES;
				CLANG_ANALYZER_NUMBER_OBJECT_CONVERSION = YES_AGGRESSIVE;
				CLANG_CXX_LANGUAGE_STANDARD = "gnu++20";
				CLANG_ENABLE_MODULES = YES;
				CLANG_ENABLE_OBJC_ARC = YES;
				CLANG_ENABLE_OBJC_WEAK = YES;
				CLANG_WARN_BLOCK_CAPTURE_AUTORELEASING = YES;
				CLANG_WARN_BOOL_CONVERSION = YES;
				CLANG_WARN_COMMA = YES;
				CLANG_WARN_CONSTANT_CONVERSION = YES;
				CLANG_WARN_DEPRECATED_OBJC_IMPLEMENTATIONS = YES;
				CLANG_WARN_DIRECT_OBJC_ISA_USAGE = YES_ERROR;
				CLANG_WARN_DOCUMENTATION_COMMENTS = YES;
				CLANG_WARN_EMPTY_BODY = YES;
				CLANG_WARN_ENUM_CONVERSION = YES;
				CLANG_WARN_INFINITE_RECURSION = YES;
				CLANG_WARN_INT_CONVERSION = YES;
				CLANG_WARN_NON_LITERAL_NULL_CONVERSION = YES;
				CLANG_WARN_OBJC_IMPLICIT_RETAIN_SELF = YES;
				CLANG_WARN_OBJC_LITERAL_CONVERSION = YES;
				CLANG_WARN_OBJC_ROOT_CLASS = YES_ERROR;
				CLANG_WARN_QUOTED_INCLUDE_IN_FRAMEWORK_HEADER = YES;
				CLANG_WARN_RANGE_LOOP_ANALYSIS = YES;
				CLANG_WARN_STRICT_PROTOTYPES = YES;
				CLANG_WARN_SUSPICIOUS_MOVE = YES;
				CLANG_WARN_UNGUARDED_AVAILABILITY = YES_AGGRESSIVE;
				CLANG_WARN_UNREACHABLE_CODE = YES;
				CLANG_WARN__DUPLICATE_METHOD_MATCH = YES;
				COPY_PHASE_STRIP = NO;
				DEBUG_INFORMATION_FORMAT = dwarf;
				ENABLE_STRICT_OBJC_MSGSEND = YES;
				ENABLE_TESTABILITY = YES;
				GCC_C_LANGUAGE_STANDARD = gnu11;
				GCC_DYNAMIC_NO_PIC = NO;
				GCC_NO_COMMON_BLOCKS = YES;
				GCC_OPTIMIZATION_LEVEL = 0;
				GCC_PREPROCESSOR_DEFINITIONS = (
					"DEBUG=1",
					"$(inherited)",
				);
				GCC_WARN_64_TO_32_BIT_CONVERSION = YES;
				GCC_WARN_ABOUT_RETURN_TYPE = YES_ERROR;
				GCC_WARN_UNDECLARED_SELECTOR = YES;
				GCC_WARN_UNINITIALIZED_AUTOS = YES_AGGRESSIVE;
				GCC_WARN_UNUSED_FUNCTION = YES;
				GCC_WARN_UNUSED_VARIABLE = YES;
				IPHONEOS_DEPLOYMENT_TARGET = 16.2;
				MTL_ENABLE_DEBUG_INFO = INCLUDE_SOURCE;
				MTL_FAST_MATH = YES;
				ONLY_ACTIVE_ARCH = YES;
				SDKROOT = iphoneos;
			};
			name = Debug;
		};
		B93FF5F62AC17410001B577B /* Release */ = {
			isa = XCBuildConfiguration;
			buildSettings = {
				ALWAYS_SEARCH_USER_PATHS = NO;
				CLANG_ANALYZER_NONNULL = YES;
				CLANG_ANALYZER_NUMBER_OBJECT_CONVERSION = YES_AGGRESSIVE;
				CLANG_CXX_LANGUAGE_STANDARD = "gnu++20";
				CLANG_ENABLE_MODULES = YES;
				CLANG_ENABLE_OBJC_ARC = YES;
				CLANG_ENABLE_OBJC_WEAK = YES;
				CLANG_WARN_BLOCK_CAPTURE_AUTORELEASING = YES;
				CLANG_WARN_BOOL_CONVERSION = YES;
				CLANG_WARN_COMMA = YES;
				CLANG_WARN_CONSTANT_CONVERSION = YES;
				CLANG_WARN_DEPRECATED_OBJC_IMPLEMENTATIONS = YES;
				CLANG_WARN_DIRECT_OBJC_ISA_USAGE = YES_ERROR;
				CLANG_WARN_DOCUMENTATION_COMMENTS = YES;
				CLANG_WARN_EMPTY_BODY = YES;
				CLANG_WARN_ENUM_CONVERSION = YES;
				CLANG_WARN_INFINITE_RECURSION = YES;
				CLANG_WARN_INT_CONVERSION = YES;
				CLANG_WARN_NON_LITERAL_NULL_CONVERSION = YES;
				CLANG_WARN_OBJC_IMPLICIT_RETAIN_SELF = YES;
				CLANG_WARN_OBJC_LITERAL_CONVERSION = YES;
				CLANG_WARN_OBJC_ROOT_CLASS = YES_ERROR;
				CLANG_WARN_QUOTED_INCLUDE_IN_FRAMEWORK_HEADER = YES;
				CLANG_WARN_RANGE_LOOP_ANALYSIS = YES;
				CLANG_WARN_STRICT_PROTOTYPES = YES;
				CLANG_WARN_SUSPICIOUS_MOVE = YES;
				CLANG_WARN_UNGUARDED_AVAILABILITY = YES_AGGRESSIVE;
				CLANG_WARN_UNREACHABLE_CODE = YES;
				CLANG_WARN__DUPLICATE_METHOD_MATCH = YES;
				COPY_PHASE_STRIP = NO;
				DEBUG_INFORMATION_FORMAT = "dwarf-with-dsym";
				ENABLE_NS_ASSERTIONS = NO;
				ENABLE_STRICT_OBJC_MSGSEND = YES;
				GCC_C_LANGUAGE_STANDARD = gnu11;
				GCC_NO_COMMON_BLOCKS = YES;
				GCC_WARN_64_TO_32_BIT_CONVERSION = YES;
				GCC_WARN_ABOUT_RETURN_TYPE = YES_ERROR;
				GCC_WARN_UNDECLARED_SELECTOR = YES;
				GCC_WARN_UNINITIALIZED_AUTOS = YES_AGGRESSIVE;
				GCC_WARN_UNUSED_FUNCTION = YES;
				GCC_WARN_UNUSED_VARIABLE = YES;
				IPHONEOS_DEPLOYMENT_TARGET = 16.2;
				MTL_ENABLE_DEBUG_INFO = NO;
				MTL_FAST_MATH = YES;
				SDKROOT = iphoneos;
				VALIDATE_PRODUCT = YES;
			};
			name = Release;
		};
		B93FF5F82AC17410001B577B /* Debug */ = {
			isa = XCBuildConfiguration;
			buildSettings = {
				ASSETCATALOG_COMPILER_APPICON_NAME = AppIcon;
				ASSETCATALOG_COMPILER_GLOBAL_ACCENT_COLOR_NAME = AccentColor;
				CODE_SIGN_STYLE = Automatic;
				CURRENT_PROJECT_VERSION = 1;
				GENERATE_INFOPLIST_FILE = YES;
				INFOPLIST_FILE = "Objective-C-final/Info.plist";
				INFOPLIST_KEY_UIApplicationSupportsIndirectInputEvents = YES;
				INFOPLIST_KEY_UILaunchStoryboardName = LaunchScreen;
				INFOPLIST_KEY_UIMainStoryboardFile = Main;
				INFOPLIST_KEY_UISupportedInterfaceOrientations_iPad = "UIInterfaceOrientationPortrait UIInterfaceOrientationPortraitUpsideDown UIInterfaceOrientationLandscapeLeft UIInterfaceOrientationLandscapeRight";
				INFOPLIST_KEY_UISupportedInterfaceOrientations_iPhone = "UIInterfaceOrientationPortrait UIInterfaceOrientationLandscapeLeft UIInterfaceOrientationLandscapeRight";
				LD_RUNPATH_SEARCH_PATHS = (
					"$(inherited)",
					"@executable_path/Frameworks",
				);
				MARKETING_VERSION = 1.0;
				PRODUCT_BUNDLE_IDENTIFIER = "no-name.Objective-C-final";
				PRODUCT_NAME = "$(TARGET_NAME)";
				SWIFT_EMIT_LOC_STRINGS = YES;
				TARGETED_DEVICE_FAMILY = "1,2";
			};
			name = Debug;
		};
		B93FF5F92AC17410001B577B /* Release */ = {
			isa = XCBuildConfiguration;
			buildSettings = {
				ASSETCATALOG_COMPILER_APPICON_NAME = AppIcon;
				ASSETCATALOG_COMPILER_GLOBAL_ACCENT_COLOR_NAME = AccentColor;
				CODE_SIGN_STYLE = Automatic;
				CURRENT_PROJECT_VERSION = 1;
				GENERATE_INFOPLIST_FILE = YES;
				INFOPLIST_FILE = "Objective-C-final/Info.plist";
				INFOPLIST_KEY_UIApplicationSupportsIndirectInputEvents = YES;
				INFOPLIST_KEY_UILaunchStoryboardName = LaunchScreen;
				INFOPLIST_KEY_UIMainStoryboardFile = Main;
				INFOPLIST_KEY_UISupportedInterfaceOrientations_iPad = "UIInterfaceOrientationPortrait UIInterfaceOrientationPortraitUpsideDown UIInterfaceOrientationLandscapeLeft UIInterfaceOrientationLandscapeRight";
				INFOPLIST_KEY_UISupportedInterfaceOrientations_iPhone = "UIInterfaceOrientationPortrait UIInterfaceOrientationLandscapeLeft UIInterfaceOrientationLandscapeRight";
				LD_RUNPATH_SEARCH_PATHS = (
					"$(inherited)",
					"@executable_path/Frameworks",
				);
				MARKETING_VERSION = 1.0;
				PRODUCT_BUNDLE_IDENTIFIER = "no-name.Objective-C-final";
				PRODUCT_NAME = "$(TARGET_NAME)";
				SWIFT_EMIT_LOC_STRINGS = YES;
				TARGETED_DEVICE_FAMILY = "1,2";
			};
			name = Release;
		};
/* End XCBuildConfiguration section */

/* Begin XCConfigurationList section */
		B93FF5D92AC1740E001B577B /* Build configuration list for PBXProject "Objective-C-final" */ = {
			isa = XCConfigurationList;
			buildConfigurations = (
				B93FF5F52AC17410001B577B /* Debug */,
				B93FF5F62AC17410001B577B /* Release */,
			);
			defaultConfigurationIsVisible = 0;
			defaultConfigurationName = Release;
		};
		B93FF5F72AC17410001B577B /* Build configuration list for PBXNativeTarget "Objective-C-final" */ = {
			isa = XCConfigurationList;
			buildConfigurations = (
				B93FF5F82AC17410001B577B /* Debug */,
				B93FF5F92AC17410001B577B /* Release */,
			);
			defaultConfigurationIsVisible = 0;
			defaultConfigurationName = Release;
		};
/* End XCConfigurationList section */
	};
	rootObject = B93FF5D62AC1740E001B577B /* Project object */;
}